{
  "version": "2",
  "remote": {
    "https://deno.land/std@0.180.0/async/abortable.ts": "73acfb3ed7261ce0d930dbe89e43db8d34e017b063cf0eaa7d215477bf53442e",
    "https://deno.land/std@0.180.0/async/deadline.ts": "c5facb0b404eede83e38bd2717ea8ab34faa2ffb20ef87fd261fcba32ba307aa",
    "https://deno.land/std@0.180.0/async/debounce.ts": "adab11d04ca38d699444ac8a9d9856b4155e8dda2afd07ce78276c01ea5a4332",
    "https://deno.land/std@0.180.0/async/deferred.ts": "42790112f36a75a57db4a96d33974a936deb7b04d25c6084a9fa8a49f135def8",
    "https://deno.land/std@0.180.0/async/delay.ts": "73aa04cec034c84fc748c7be49bb15cac3dd43a57174bfdb7a4aec22c248f0dd",
    "https://deno.land/std@0.180.0/async/mod.ts": "f04344fa21738e5ad6bea37a6bfffd57c617c2d372bb9f9dcfd118a1b622e576",
    "https://deno.land/std@0.180.0/async/mux_async_iterator.ts": "70c7f2ee4e9466161350473ad61cac0b9f115cff4c552eaa7ef9d50c4cbb4cc9",
    "https://deno.land/std@0.180.0/async/pool.ts": "fd082bd4aaf26445909889435a5c74334c017847842ec035739b4ae637ae8260",
    "https://deno.land/std@0.180.0/async/retry.ts": "5efa3ba450ac0c07a40a82e2df296287b5013755d232049efd7ea2244f15b20f",
    "https://deno.land/std@0.180.0/async/tee.ts": "47e42d35f622650b02234d43803d0383a89eb4387e1b83b5a40106d18ae36757",
    "https://deno.land/std@0.180.0/collections/filter_values.ts": "5b9feaf17b9a6e5ffccdd36cf6f38fa4ffa94cff2602d381c2ad0c2a97929652",
    "https://deno.land/std@0.180.0/collections/without_all.ts": "a89f5da0b5830defed4f59666e188df411d8fece35a5f6ca69be6ca71a95c185",
    "https://deno.land/std@0.180.0/dotenv/load.ts": "0636983549b98f29ab75c9a22a42d9723f0a389ece5498fe971e7bb2556a12e2",
    "https://deno.land/std@0.180.0/dotenv/mod.ts": "8dcbc8a40b896a0bf094582aaeadbfc76d3528872faf2efc0302beb1d2f6afd0",
    "https://deno.land/std@0.180.0/http/server.ts": "cbb17b594651215ba95c01a395700684e569c165a567e4e04bba327f41197433",
    "https://deno.land/x/hono@v3.1.1/adapter/deno/serve-static.ts": "d1c21498ced39849fa0bb23b372bf5d30677916fdbc875902735700ca1e789e3",
    "https://deno.land/x/hono@v3.1.1/client/client.ts": "c279ae0fd26bc10989bb9ad9025eb22db6317530c09ffdb3e59c0a932534f3ce",
    "https://deno.land/x/hono@v3.1.1/client/index.ts": "7ad089b121f2613a0eaedd3d8aa8307a48bf3bf48f6c38281d6e73ee35f0d7ea",
    "https://deno.land/x/hono@v3.1.1/client/types.ts": "ccf9ae6ae9aa0be5f3254143a3e7a7ac7b0c1c69c65ef2f72e76b01de101c741",
    "https://deno.land/x/hono@v3.1.1/client/utils.ts": "d7ff6b55f5b00715dacecaefd39e598f2a5e4cb863a64b0bee1020a725640cd7",
    "https://deno.land/x/hono@v3.1.1/compose.ts": "9bc97f737857da061b2294eb9812b7e0ca773acc2e913c11bf93d5732c0469f0",
    "https://deno.land/x/hono@v3.1.1/context.ts": "b8d8331238af89feb509a5ece6111bb72ef60509bd3936c2f5d49322c44f3d31",
    "https://deno.land/x/hono@v3.1.1/hono.ts": "a85789f0332dcaeaed1a2b81fbc766ca4bcfc3fb3109f9d8de6fec61c750b61d",
    "https://deno.land/x/hono@v3.1.1/http-exception.ts": "e74a5e8504ecf795e9babdc2bab9d4052e1806a7396efc89f8e1ed83e813e3be",
    "https://deno.land/x/hono@v3.1.1/middleware.ts": "d2c886e2f63b91b17f05a11f598ca101912c8fbfd66a25aef345b934ccfcd603",
    "https://deno.land/x/hono@v3.1.1/middleware/basic-auth/index.ts": "53808e721b13096baafdcc98f035bedc13385c17edecbd9e2e53118b4d9305a9",
    "https://deno.land/x/hono@v3.1.1/middleware/bearer-auth/index.ts": "11d4ead9b57f5bcb2b6b4bf27076871f15da0e1e8828b2b79d90c15423357b47",
    "https://deno.land/x/hono@v3.1.1/middleware/cache/index.ts": "275a90999b316f224a39b5c7b5e0a8009de3cb06e09f7a62feaa4fad60a90b4d",
    "https://deno.land/x/hono@v3.1.1/middleware/compress/index.ts": "0b8ddbd70688361d5ef4e9418afa28affe2500a7f41a231a87873dad26ef5548",
    "https://deno.land/x/hono@v3.1.1/middleware/cors/index.ts": "10a743dcc793204835a5299070e2afaabb7e81cb742262faa9f1181f5e5d65ac",
    "https://deno.land/x/hono@v3.1.1/middleware/etag/index.ts": "019794a57657725ac7db7df50a8605cc33c5b8b97356c21c11182455d4bbedba",
    "https://deno.land/x/hono@v3.1.1/middleware/html/index.ts": "a5028d8170dcc030d003749e743213e6532ff65798b741b81220207abc9af82d",
    "https://deno.land/x/hono@v3.1.1/middleware/jsx/index.ts": "1925e4bf01ef1252b9bda6b0c4f79520b138ee319c41df3218cb3bf10c0ed248",
    "https://deno.land/x/hono@v3.1.1/middleware/jwt/index.ts": "4af4649d9ae8ff2e767e53692d1974c956f523ab47a2560b869083cb493441ca",
    "https://deno.land/x/hono@v3.1.1/middleware/logger/index.ts": "281b0fe431183a5d7b8d576645370efbd2737aeefaac7dc989d1c90dc03c52c0",
    "https://deno.land/x/hono@v3.1.1/middleware/powered-by/index.ts": "7ec561885ac0410786f78aeb9789ed7869edb2d43c615cbc3d14f21baee87359",
    "https://deno.land/x/hono@v3.1.1/middleware/pretty-json/index.ts": "f4a4b2fa2ecb73e23da6f0ef716fe7d6a7f05c69f64dc7f89fc68cbcb204a87f",
    "https://deno.land/x/hono@v3.1.1/mod.ts": "8fb4f86e935574b4bba498556eb295d9f94515b9b86046e0ebd240784aa3bb14",
    "https://deno.land/x/hono@v3.1.1/request.ts": "1cfe249dcf8ed4c2a5646bfbb9fbb3328d5cbea67d1cbea478fc5af297ce0536",
    "https://deno.land/x/hono@v3.1.1/router.ts": "21448bc2e6019574c10fae11237da4367037fa107e68bf3d049cd2fd0efd2adb",
    "https://deno.land/x/hono@v3.1.1/router/reg-exp-router/index.ts": "52755829213941756159b7a963097bafde5cc4fc22b13b1c7c9184dc0512d1db",
    "https://deno.land/x/hono@v3.1.1/router/reg-exp-router/node.ts": "8006b5bccb83d9fc98e0562a5545f6dd0be639ce445b089a6171c9c617aa8693",
    "https://deno.land/x/hono@v3.1.1/router/reg-exp-router/router.ts": "35a405c855cf6d10c350a651169c2c728fd19aaf3d3a0c416e5a06752914e6bd",
    "https://deno.land/x/hono@v3.1.1/router/reg-exp-router/trie.ts": "567493b301c44174f0895aedb8d055bbecf88f8a25626fa8ca61333bbd0c882c",
    "https://deno.land/x/hono@v3.1.1/router/smart-router/index.ts": "74f9b4fe15ea535900f2b9b048581915f12fe94e531dd2b0032f5610e61c3bef",
    "https://deno.land/x/hono@v3.1.1/router/smart-router/router.ts": "1d54f5c87875d856ed5fc2d22a100e1ff31debe3e9d8e9b1cc18d8e5706239f2",
    "https://deno.land/x/hono@v3.1.1/router/trie-router/index.ts": "3eb75e7f71ba81801631b30de6b1f5cefb2c7239c03797e2b2cbab5085911b41",
    "https://deno.land/x/hono@v3.1.1/router/trie-router/node.ts": "ca5b6a1ce6b6dc01003809bfa9cb93a323b37b27feee14c64655015deff7d2a9",
    "https://deno.land/x/hono@v3.1.1/router/trie-router/router.ts": "0a969528a0c1680b552b20f0ca90e484e968ac279be9d5fd952b61a804d680e7",
    "https://deno.land/x/hono@v3.1.1/types.ts": "9e6d337bbdbb9ee1293af11b3f1944c94954e2072bb6574cf1eeda9aa911592a",
    "https://deno.land/x/hono@v3.1.1/utils/body.ts": "b6b5ed679122968a74845df4c5454c677f09adc4f3466d822f3b1397884e540e",
    "https://deno.land/x/hono@v3.1.1/utils/buffer.ts": "d28ab08d2571e890ec2ad7ce4c0318a503094f8403eac3d5eb18a8e5c23b29b2",
    "https://deno.land/x/hono@v3.1.1/utils/cookie.ts": "545872bd7af3b455c24fd386ecbccfd161e7d4a0038d6b09b1bb22723602f90a",
    "https://deno.land/x/hono@v3.1.1/utils/crypto.ts": "bda0e141bbe46d3a4a20f8fbcb6380d473b617123d9fdfa93e4499410b537acc",
    "https://deno.land/x/hono@v3.1.1/utils/encode.ts": "427bb714b2eea3671c4254842cfd52bc6b4d5f8304fc05c94b5e7cd1cb475b5b",
    "https://deno.land/x/hono@v3.1.1/utils/filepath.ts": "5f708bb6a2f0b8e83a3333868ac86abdfba15e52b46acb5e13018fa2138f0826",
    "https://deno.land/x/hono@v3.1.1/utils/html.ts": "636c4a04eaea1c52c14a37cd28d83cba66b293d1e31420a4475e951268901ae4",
    "https://deno.land/x/hono@v3.1.1/utils/http-status.ts": "2d6003e352c1fe918db663fa4bd2b20bf0b9d4e1699ba5e163f317f00b29d938",
    "https://deno.land/x/hono@v3.1.1/utils/jwt/index.ts": "5e4b82a42eb3603351dfce726cd781ca41cb57437395409d227131aec348d2d5",
    "https://deno.land/x/hono@v3.1.1/utils/jwt/jwt.ts": "5ff816fc48f1ed2f4e2fe67264236fdf32548e121e871a6bc7ebd8d9f29fbd26",
    "https://deno.land/x/hono@v3.1.1/utils/jwt/types.ts": "715514fe59f0c37048b2940528bd4f4ec5795e04f0bc1d6d7e33f8d8bb1fe9de",
    "https://deno.land/x/hono@v3.1.1/utils/mime.ts": "e17bdbac85b97c3d223c48874c2abe867e0720461e9f7e0c340141c080b9c6d6",
    "https://deno.land/x/hono@v3.1.1/utils/types.ts": "64fe2bf6526c682024bc5d0cd59d01a32f12bb9b80dca58d1cfc4e70231ef696",
    "https://deno.land/x/hono@v3.1.1/utils/url.ts": "ef440cdbe8efeec98e759974f809f0453b96ae215dd4588102d82a9e570bcea6",
    "https://deno.land/x/hono@v3.1.1/validator/index.ts": "6c986e8b91dcf857ecc8164a506ae8eea8665792a4ff7215471df669c632ae7c",
    "https://deno.land/x/hono@v3.1.1/validator/validator.ts": "e52183ddf8cefc3cfe2788802fe6ce766df8ac904df485107b01cbcca167dbad"
  }
}
